// !$*UTF8*$!
{
	archiveVersion = 1;
	classes = {
	};
	objectVersion = 55;
	objects = {

/* Begin PBXBuildFile section */
		2447CE8E28C64D48008F1032 /* UITextField+Extansion.swift in Sources */ = {isa = PBXBuildFile; fileRef = 2447CE8D28C64D48008F1032 /* UITextField+Extansion.swift */; };
		244B901E28D5BCC900EB13C8 /* Storyboards_Viewcontrollers_Cells.swift in Sources */ = {isa = PBXBuildFile; fileRef = 244B901D28D5BCC900EB13C8 /* Storyboards_Viewcontrollers_Cells.swift */; };
		246F667A28B11AF600E7C240 /* CarTableViewCell.swift in Sources */ = {isa = PBXBuildFile; fileRef = 246F667928B11AF600E7C240 /* CarTableViewCell.swift */; };
		246F667C28B11BE200E7C240 /* MainCarsListViewController + tableView.swift in Sources */ = {isa = PBXBuildFile; fileRef = 246F667B28B11BE200E7C240 /* MainCarsListViewController + tableView.swift */; };
		246F667F28B2201700E7C240 /* NewCarUploadViewController.swift in Sources */ = {isa = PBXBuildFile; fileRef = 246F667E28B2201700E7C240 /* NewCarUploadViewController.swift */; };
		247E4D5328BD1BAE0089D73B /* FirebaseStorage in Frameworks */ = {isa = PBXBuildFile; productRef = 247E4D5228BD1BAE0089D73B /* FirebaseStorage */; };
		2481C54328ACC87C000DAC49 /* AppDelegate.swift in Sources */ = {isa = PBXBuildFile; fileRef = 2481C54228ACC87C000DAC49 /* AppDelegate.swift */; };
		2481C54528ACC87C000DAC49 /* SceneDelegate.swift in Sources */ = {isa = PBXBuildFile; fileRef = 2481C54428ACC87C000DAC49 /* SceneDelegate.swift */; };
		2481C54A28ACC87C000DAC49 /* Main.storyboard in Resources */ = {isa = PBXBuildFile; fileRef = 2481C54828ACC87C000DAC49 /* Main.storyboard */; };
		2481C54C28ACC87E000DAC49 /* Assets.xcassets in Resources */ = {isa = PBXBuildFile; fileRef = 2481C54B28ACC87E000DAC49 /* Assets.xcassets */; };
		2481C54F28ACC87E000DAC49 /* LaunchScreen.storyboard in Resources */ = {isa = PBXBuildFile; fileRef = 2481C54D28ACC87E000DAC49 /* LaunchScreen.storyboard */; };
		2481C55928ACC943000DAC49 /* StartingScreen.swift in Sources */ = {isa = PBXBuildFile; fileRef = 2481C55828ACC943000DAC49 /* StartingScreen.swift */; };
		2481C55B28ACC976000DAC49 /* LoginScreenViewController.swift in Sources */ = {isa = PBXBuildFile; fileRef = 2481C55A28ACC976000DAC49 /* LoginScreenViewController.swift */; };
		2481C55D28ACC9A3000DAC49 /* RegisterScreenViewController.swift in Sources */ = {isa = PBXBuildFile; fileRef = 2481C55C28ACC9A3000DAC49 /* RegisterScreenViewController.swift */; };
		2481C56028AD4414000DAC49 /* StartingTabBarController.swift in Sources */ = {isa = PBXBuildFile; fileRef = 2481C55F28AD4414000DAC49 /* StartingTabBarController.swift */; };
		2485FD0528D246550057CFFF /* UIView+Extansion.swift in Sources */ = {isa = PBXBuildFile; fileRef = 2485FD0428D246550057CFFF /* UIView+Extansion.swift */; };
		2485FD0728D3FA370057CFFF /* FirebaseAuth.swift in Sources */ = {isa = PBXBuildFile; fileRef = 2485FD0628D3FA370057CFFF /* FirebaseAuth.swift */; };
		2485FD0928D3FC1B0057CFFF /* FirebaseDatabaseUpload.swift in Sources */ = {isa = PBXBuildFile; fileRef = 2485FD0828D3FC1B0057CFFF /* FirebaseDatabaseUpload.swift */; };
		2485FD0B28D3FCCA0057CFFF /* FirebaseDatabaseDownload.swift in Sources */ = {isa = PBXBuildFile; fileRef = 2485FD0A28D3FCCA0057CFFF /* FirebaseDatabaseDownload.swift */; };
		2485FD0D28D3FDC70057CFFF /* FirebaseDatabaseEdit.swift in Sources */ = {isa = PBXBuildFile; fileRef = 2485FD0C28D3FDC70057CFFF /* FirebaseDatabaseEdit.swift */; };
		2485FD0F28D403840057CFFF /* UIViewController+Extansion.swift in Sources */ = {isa = PBXBuildFile; fileRef = 2485FD0E28D403840057CFFF /* UIViewController+Extansion.swift */; };
		2485FD1228D404570057CFFF /* UIImageView+Extansion.swift in Sources */ = {isa = PBXBuildFile; fileRef = 2485FD1128D404570057CFFF /* UIImageView+Extansion.swift */; };
		2485FD1428D404EA0057CFFF /* Array+Extansion.swift in Sources */ = {isa = PBXBuildFile; fileRef = 2485FD1328D404EA0057CFFF /* Array+Extansion.swift */; };
		2485FD1628D405590057CFFF /* Protocol+Extansion.swift in Sources */ = {isa = PBXBuildFile; fileRef = 2485FD1528D405590057CFFF /* Protocol+Extansion.swift */; };
		248998B728D0EA4600E3AFDB /* Login.storyboard in Resources */ = {isa = PBXBuildFile; fileRef = 248998B628D0EA4600E3AFDB /* Login.storyboard */; };
		248998B928D0EA5300E3AFDB /* Register.storyboard in Resources */ = {isa = PBXBuildFile; fileRef = 248998B828D0EA5300E3AFDB /* Register.storyboard */; };
		248998BB28D0EAEB00E3AFDB /* Starting.storyboard in Resources */ = {isa = PBXBuildFile; fileRef = 248998BA28D0EAEB00E3AFDB /* Starting.storyboard */; };
		248998BD28D0EB6200E3AFDB /* MainPage.storyboard in Resources */ = {isa = PBXBuildFile; fileRef = 248998BC28D0EB6200E3AFDB /* MainPage.storyboard */; };
		248998BF28D0EB9B00E3AFDB /* UserDetails.storyboard in Resources */ = {isa = PBXBuildFile; fileRef = 248998BE28D0EB9B00E3AFDB /* UserDetails.storyboard */; };
		248998C328D0EBE500E3AFDB /* CarEdit_Upload_View.storyboard in Resources */ = {isa = PBXBuildFile; fileRef = 248998C228D0EBE500E3AFDB /* CarEdit_Upload_View.storyboard */; };
		24B0B63928B551FB00C8ADDA /* FirebaseConstants.swift in Sources */ = {isa = PBXBuildFile; fileRef = 24B0B63828B551FB00C8ADDA /* FirebaseConstants.swift */; };
		24B0B66828B7CE1300C8ADDA /* UserDetailsTableViewCell.swift in Sources */ = {isa = PBXBuildFile; fileRef = 24B0B66728B7CE1300C8ADDA /* UserDetailsTableViewCell.swift */; };
		24B0B66A28B7CEB400C8ADDA /* UserDetailsViewController + tableView.swift in Sources */ = {isa = PBXBuildFile; fileRef = 24B0B66928B7CEB400C8ADDA /* UserDetailsViewController + tableView.swift */; };
		24B7728E28BB5E8F009305DC /* Car.swift in Sources */ = {isa = PBXBuildFile; fileRef = 24B7728D28BB5E8F009305DC /* Car.swift */; };
		24B7729028BBA236009305DC /* User.swift in Sources */ = {isa = PBXBuildFile; fileRef = 24B7728F28BBA236009305DC /* User.swift */; };
		24C6305728AD9722006A1194 /* MainCarsListViewController.swift in Sources */ = {isa = PBXBuildFile; fileRef = 24C6305628AD9722006A1194 /* MainCarsListViewController.swift */; };
		24C6305928AD9D7A006A1194 /* GoogleService-Info.plist in Resources */ = {isa = PBXBuildFile; fileRef = 24C6305828AD9D79006A1194 /* GoogleService-Info.plist */; };
		24C6305C28ADA151006A1194 /* FirebaseAnalytics in Frameworks */ = {isa = PBXBuildFile; productRef = 24C6305B28ADA151006A1194 /* FirebaseAnalytics */; };
		24C6305E28ADA151006A1194 /* FirebaseAuth in Frameworks */ = {isa = PBXBuildFile; productRef = 24C6305D28ADA151006A1194 /* FirebaseAuth */; };
		24C6306028ADA151006A1194 /* FirebaseDatabase in Frameworks */ = {isa = PBXBuildFile; productRef = 24C6305F28ADA151006A1194 /* FirebaseDatabase */; };
		24C6306228ADA151006A1194 /* FirebaseDatabaseSwift in Frameworks */ = {isa = PBXBuildFile; productRef = 24C6306128ADA151006A1194 /* FirebaseDatabaseSwift */; };
		24C6306728AFCBEA006A1194 /* FirebaseFirestore in Frameworks */ = {isa = PBXBuildFile; productRef = 24C6306628AFCBEA006A1194 /* FirebaseFirestore */; };
		24C6306A28AFE202006A1194 /* UserDetailsViewController.swift in Sources */ = {isa = PBXBuildFile; fileRef = 24C6306928AFE201006A1194 /* UserDetailsViewController.swift */; };
		24F8B8E028D8CDF10074E4D6 /* Constants.swift in Sources */ = {isa = PBXBuildFile; fileRef = 24F8B8DF28D8CDF10074E4D6 /* Constants.swift */; };
/* End PBXBuildFile section */

/* Begin PBXFileReference section */
		2447CE8D28C64D48008F1032 /* UITextField+Extansion.swift */ = {isa = PBXFileReference; lastKnownFileType = sourcecode.swift; path = "UITextField+Extansion.swift"; sourceTree = "<group>"; };
		244B901D28D5BCC900EB13C8 /* Storyboards_Viewcontrollers_Cells.swift */ = {isa = PBXFileReference; lastKnownFileType = sourcecode.swift; path = Storyboards_Viewcontrollers_Cells.swift; sourceTree = "<group>"; };
		246F667928B11AF600E7C240 /* CarTableViewCell.swift */ = {isa = PBXFileReference; lastKnownFileType = sourcecode.swift; path = CarTableViewCell.swift; sourceTree = "<group>"; };
		246F667B28B11BE200E7C240 /* MainCarsListViewController + tableView.swift */ = {isa = PBXFileReference; lastKnownFileType = sourcecode.swift; path = "MainCarsListViewController + tableView.swift"; sourceTree = "<group>"; };
		246F667E28B2201700E7C240 /* NewCarUploadViewController.swift */ = {isa = PBXFileReference; lastKnownFileType = sourcecode.swift; path = NewCarUploadViewController.swift; sourceTree = "<group>"; };
		2481C53F28ACC87C000DAC49 /* CarMarketCars.app */ = {isa = PBXFileReference; explicitFileType = wrapper.application; includeInIndex = 0; path = CarMarketCars.app; sourceTree = BUILT_PRODUCTS_DIR; };
		2481C54228ACC87C000DAC49 /* AppDelegate.swift */ = {isa = PBXFileReference; lastKnownFileType = sourcecode.swift; path = AppDelegate.swift; sourceTree = "<group>"; };
		2481C54428ACC87C000DAC49 /* SceneDelegate.swift */ = {isa = PBXFileReference; lastKnownFileType = sourcecode.swift; path = SceneDelegate.swift; sourceTree = "<group>"; };
		2481C54928ACC87C000DAC49 /* Base */ = {isa = PBXFileReference; lastKnownFileType = file.storyboard; name = Base; path = Base.lproj/Main.storyboard; sourceTree = "<group>"; };
		2481C54B28ACC87E000DAC49 /* Assets.xcassets */ = {isa = PBXFileReference; lastKnownFileType = folder.assetcatalog; path = Assets.xcassets; sourceTree = "<group>"; };
		2481C54E28ACC87E000DAC49 /* Base */ = {isa = PBXFileReference; lastKnownFileType = file.storyboard; name = Base; path = Base.lproj/LaunchScreen.storyboard; sourceTree = "<group>"; };
		2481C55028ACC87E000DAC49 /* Info.plist */ = {isa = PBXFileReference; lastKnownFileType = text.plist.xml; path = Info.plist; sourceTree = "<group>"; };
		2481C55828ACC943000DAC49 /* StartingScreen.swift */ = {isa = PBXFileReference; lastKnownFileType = sourcecode.swift; path = StartingScreen.swift; sourceTree = "<group>"; };
		2481C55A28ACC976000DAC49 /* LoginScreenViewController.swift */ = {isa = PBXFileReference; lastKnownFileType = sourcecode.swift; path = LoginScreenViewController.swift; sourceTree = "<group>"; };
		2481C55C28ACC9A3000DAC49 /* RegisterScreenViewController.swift */ = {isa = PBXFileReference; lastKnownFileType = sourcecode.swift; path = RegisterScreenViewController.swift; sourceTree = "<group>"; };
		2481C55F28AD4414000DAC49 /* StartingTabBarController.swift */ = {isa = PBXFileReference; lastKnownFileType = sourcecode.swift; path = StartingTabBarController.swift; sourceTree = "<group>"; };
		2485FD0428D246550057CFFF /* UIView+Extansion.swift */ = {isa = PBXFileReference; lastKnownFileType = sourcecode.swift; path = "UIView+Extansion.swift"; sourceTree = "<group>"; };
		2485FD0628D3FA370057CFFF /* FirebaseAuth.swift */ = {isa = PBXFileReference; lastKnownFileType = sourcecode.swift; path = FirebaseAuth.swift; sourceTree = "<group>"; };
		2485FD0828D3FC1B0057CFFF /* FirebaseDatabaseUpload.swift */ = {isa = PBXFileReference; lastKnownFileType = sourcecode.swift; path = FirebaseDatabaseUpload.swift; sourceTree = "<group>"; };
		2485FD0A28D3FCCA0057CFFF /* FirebaseDatabaseDownload.swift */ = {isa = PBXFileReference; lastKnownFileType = sourcecode.swift; path = FirebaseDatabaseDownload.swift; sourceTree = "<group>"; };
		2485FD0C28D3FDC70057CFFF /* FirebaseDatabaseEdit.swift */ = {isa = PBXFileReference; lastKnownFileType = sourcecode.swift; path = FirebaseDatabaseEdit.swift; sourceTree = "<group>"; };
		2485FD0E28D403840057CFFF /* UIViewController+Extansion.swift */ = {isa = PBXFileReference; lastKnownFileType = sourcecode.swift; path = "UIViewController+Extansion.swift"; sourceTree = "<group>"; };
		2485FD1128D404570057CFFF /* UIImageView+Extansion.swift */ = {isa = PBXFileReference; lastKnownFileType = sourcecode.swift; path = "UIImageView+Extansion.swift"; sourceTree = "<group>"; };
		2485FD1328D404EA0057CFFF /* Array+Extansion.swift */ = {isa = PBXFileReference; lastKnownFileType = sourcecode.swift; path = "Array+Extansion.swift"; sourceTree = "<group>"; };
		2485FD1528D405590057CFFF /* Protocol+Extansion.swift */ = {isa = PBXFileReference; lastKnownFileType = sourcecode.swift; path = "Protocol+Extansion.swift"; sourceTree = "<group>"; };
		248998B628D0EA4600E3AFDB /* Login.storyboard */ = {isa = PBXFileReference; lastKnownFileType = file.storyboard; path = Login.storyboard; sourceTree = "<group>"; };
		248998B828D0EA5300E3AFDB /* Register.storyboard */ = {isa = PBXFileReference; lastKnownFileType = file.storyboard; path = Register.storyboard; sourceTree = "<group>"; };
		248998BA28D0EAEB00E3AFDB /* Starting.storyboard */ = {isa = PBXFileReference; lastKnownFileType = file.storyboard; path = Starting.storyboard; sourceTree = "<group>"; };
		248998BC28D0EB6200E3AFDB /* MainPage.storyboard */ = {isa = PBXFileReference; lastKnownFileType = file.storyboard; path = MainPage.storyboard; sourceTree = "<group>"; };
		248998BE28D0EB9B00E3AFDB /* UserDetails.storyboard */ = {isa = PBXFileReference; lastKnownFileType = file.storyboard; path = UserDetails.storyboard; sourceTree = "<group>"; };
		248998C228D0EBE500E3AFDB /* CarEdit_Upload_View.storyboard */ = {isa = PBXFileReference; lastKnownFileType = file.storyboard; path = CarEdit_Upload_View.storyboard; sourceTree = "<group>"; };
		24B0B63828B551FB00C8ADDA /* FirebaseConstants.swift */ = {isa = PBXFileReference; lastKnownFileType = sourcecode.swift; path = FirebaseConstants.swift; sourceTree = "<group>"; };
		24B0B66728B7CE1300C8ADDA /* UserDetailsTableViewCell.swift */ = {isa = PBXFileReference; lastKnownFileType = sourcecode.swift; path = UserDetailsTableViewCell.swift; sourceTree = "<group>"; };
		24B0B66928B7CEB400C8ADDA /* UserDetailsViewController + tableView.swift */ = {isa = PBXFileReference; lastKnownFileType = sourcecode.swift; path = "UserDetailsViewController + tableView.swift"; sourceTree = "<group>"; };
		24B7728D28BB5E8F009305DC /* Car.swift */ = {isa = PBXFileReference; lastKnownFileType = sourcecode.swift; path = Car.swift; sourceTree = "<group>"; };
		24B7728F28BBA236009305DC /* User.swift */ = {isa = PBXFileReference; lastKnownFileType = sourcecode.swift; path = User.swift; sourceTree = "<group>"; };
		24C6305628AD9722006A1194 /* MainCarsListViewController.swift */ = {isa = PBXFileReference; lastKnownFileType = sourcecode.swift; path = MainCarsListViewController.swift; sourceTree = "<group>"; };
		24C6305828AD9D79006A1194 /* GoogleService-Info.plist */ = {isa = PBXFileReference; fileEncoding = 4; lastKnownFileType = text.plist.xml; path = "GoogleService-Info.plist"; sourceTree = "<group>"; };
		24C6306928AFE201006A1194 /* UserDetailsViewController.swift */ = {isa = PBXFileReference; lastKnownFileType = sourcecode.swift; path = UserDetailsViewController.swift; sourceTree = "<group>"; };
		24F8B8DF28D8CDF10074E4D6 /* Constants.swift */ = {isa = PBXFileReference; lastKnownFileType = sourcecode.swift; path = Constants.swift; sourceTree = "<group>"; };
/* End PBXFileReference section */

/* Begin PBXFrameworksBuildPhase section */
		2481C53C28ACC87C000DAC49 /* Frameworks */ = {
			isa = PBXFrameworksBuildPhase;
			buildActionMask = 2147483647;
			files = (
				24C6306228ADA151006A1194 /* FirebaseDatabaseSwift in Frameworks */,
				24C6306028ADA151006A1194 /* FirebaseDatabase in Frameworks */,
				24C6305C28ADA151006A1194 /* FirebaseAnalytics in Frameworks */,
				24C6306728AFCBEA006A1194 /* FirebaseFirestore in Frameworks */,
				24C6305E28ADA151006A1194 /* FirebaseAuth in Frameworks */,
				247E4D5328BD1BAE0089D73B /* FirebaseStorage in Frameworks */,
			);
			runOnlyForDeploymentPostprocessing = 0;
		};
/* End PBXFrameworksBuildPhase section */

/* Begin PBXGroup section */
		244B901628D5BB6900EB13C8 /* Constants */ = {
			isa = PBXGroup;
			children = (
				24B0B63828B551FB00C8ADDA /* FirebaseConstants.swift */,
				24F8B8DF28D8CDF10074E4D6 /* Constants.swift */,
				244B901D28D5BCC900EB13C8 /* Storyboards_Viewcontrollers_Cells.swift */,
			);
			path = Constants;
			sourceTree = "<group>";
		};
		246F667D28B21FDF00E7C240 /* NewCarUpload */ = {
			isa = PBXGroup;
			children = (
				246F667E28B2201700E7C240 /* NewCarUploadViewController.swift */,
			);
			path = NewCarUpload;
			sourceTree = "<group>";
		};
		2481C53628ACC87C000DAC49 = {
			isa = PBXGroup;
			children = (
				2481C54128ACC87C000DAC49 /* CarMarketCars */,
				2481C54028ACC87C000DAC49 /* Products */,
				24C6306528AFCBE9006A1194 /* Frameworks */,
			);
			sourceTree = "<group>";
		};
		2481C54028ACC87C000DAC49 /* Products */ = {
			isa = PBXGroup;
			children = (
				2481C53F28ACC87C000DAC49 /* CarMarketCars.app */,
			);
			name = Products;
			sourceTree = "<group>";
		};
		2481C54128ACC87C000DAC49 /* CarMarketCars */ = {
			isa = PBXGroup;
			children = (
				2489989828CB911900E3AFDB /* App */,
				248998A628CB93D600E3AFDB /* FirebaseServices */,
				24C6305428AD53BD006A1194 /* Extansions */,
				244B901628D5BB6900EB13C8 /* Constants */,
				24B7728C28BB5E74009305DC /* Models */,
				2481C55628ACC91E000DAC49 /* StartinScreen */,
				2481C55E28AD43D3000DAC49 /* TabController */,
				2481C55728ACC928000DAC49 /* AuthScreens */,
				24C6305528AD96EE006A1194 /* CarsList */,
				246F667D28B21FDF00E7C240 /* NewCarUpload */,
				24C6306828AFE1DF006A1194 /* UserDetails */,
				248998B528D0EA1E00E3AFDB /* StoryBoards */,
				2481C54B28ACC87E000DAC49 /* Assets.xcassets */,
				24C6305828AD9D79006A1194 /* GoogleService-Info.plist */,
				2481C54D28ACC87E000DAC49 /* LaunchScreen.storyboard */,
				2481C55028ACC87E000DAC49 /* Info.plist */,
			);
			path = CarMarketCars;
			sourceTree = "<group>";
		};
		2481C55628ACC91E000DAC49 /* StartinScreen */ = {
			isa = PBXGroup;
			children = (
				2481C55828ACC943000DAC49 /* StartingScreen.swift */,
			);
			path = StartinScreen;
			sourceTree = "<group>";
		};
		2481C55728ACC928000DAC49 /* AuthScreens */ = {
			isa = PBXGroup;
			children = (
				2481C55A28ACC976000DAC49 /* LoginScreenViewController.swift */,
				2481C55C28ACC9A3000DAC49 /* RegisterScreenViewController.swift */,
			);
			path = AuthScreens;
			sourceTree = "<group>";
		};
		2481C55E28AD43D3000DAC49 /* TabController */ = {
			isa = PBXGroup;
			children = (
				2481C55F28AD4414000DAC49 /* StartingTabBarController.swift */,
			);
			path = TabController;
			sourceTree = "<group>";
		};
		2489989828CB911900E3AFDB /* App */ = {
			isa = PBXGroup;
			children = (
				2481C54228ACC87C000DAC49 /* AppDelegate.swift */,
				2481C54428ACC87C000DAC49 /* SceneDelegate.swift */,
			);
			path = App;
			sourceTree = "<group>";
		};
		248998A628CB93D600E3AFDB /* FirebaseServices */ = {
			isa = PBXGroup;
			children = (
				2485FD0628D3FA370057CFFF /* FirebaseAuth.swift */,
				2485FD0828D3FC1B0057CFFF /* FirebaseDatabaseUpload.swift */,
				2485FD0A28D3FCCA0057CFFF /* FirebaseDatabaseDownload.swift */,
				2485FD0C28D3FDC70057CFFF /* FirebaseDatabaseEdit.swift */,
			);
			path = FirebaseServices;
			sourceTree = "<group>";
		};
		248998B528D0EA1E00E3AFDB /* StoryBoards */ = {
			isa = PBXGroup;
			children = (
				2481C54828ACC87C000DAC49 /* Main.storyboard */,
				248998BA28D0EAEB00E3AFDB /* Starting.storyboard */,
				248998B628D0EA4600E3AFDB /* Login.storyboard */,
				248998B828D0EA5300E3AFDB /* Register.storyboard */,
				248998BC28D0EB6200E3AFDB /* MainPage.storyboard */,
				248998BE28D0EB9B00E3AFDB /* UserDetails.storyboard */,
				248998C228D0EBE500E3AFDB /* CarEdit_Upload_View.storyboard */,
			);
			path = StoryBoards;
			sourceTree = "<group>";
		};
		24B7728C28BB5E74009305DC /* Models */ = {
			isa = PBXGroup;
			children = (
				24B7728D28BB5E8F009305DC /* Car.swift */,
				24B7728F28BBA236009305DC /* User.swift */,
			);
			path = Models;
			sourceTree = "<group>";
		};
		24C6305428AD53BD006A1194 /* Extansions */ = {
			isa = PBXGroup;
			children = (
				2447CE8D28C64D48008F1032 /* UITextField+Extansion.swift */,
				2485FD0428D246550057CFFF /* UIView+Extansion.swift */,
				2485FD0E28D403840057CFFF /* UIViewController+Extansion.swift */,
				2485FD1128D404570057CFFF /* UIImageView+Extansion.swift */,
				2485FD1328D404EA0057CFFF /* Array+Extansion.swift */,
				2485FD1528D405590057CFFF /* Protocol+Extansion.swift */,
			);
			path = Extansions;
			sourceTree = "<group>";
		};
		24C6305528AD96EE006A1194 /* CarsList */ = {
			isa = PBXGroup;
			children = (
				24C6305628AD9722006A1194 /* MainCarsListViewController.swift */,
				246F667928B11AF600E7C240 /* CarTableViewCell.swift */,
				246F667B28B11BE200E7C240 /* MainCarsListViewController + tableView.swift */,
			);
			path = CarsList;
			sourceTree = "<group>";
		};
		24C6306528AFCBE9006A1194 /* Frameworks */ = {
			isa = PBXGroup;
			children = (
			);
			name = Frameworks;
			sourceTree = "<group>";
		};
		24C6306828AFE1DF006A1194 /* UserDetails */ = {
			isa = PBXGroup;
			children = (
				24C6306928AFE201006A1194 /* UserDetailsViewController.swift */,
				24B0B66728B7CE1300C8ADDA /* UserDetailsTableViewCell.swift */,
				24B0B66928B7CEB400C8ADDA /* UserDetailsViewController + tableView.swift */,
			);
			path = UserDetails;
			sourceTree = "<group>";
		};
/* End PBXGroup section */

/* Begin PBXNativeTarget section */
		2481C53E28ACC87C000DAC49 /* CarMarketCars */ = {
			isa = PBXNativeTarget;
			buildConfigurationList = 2481C55328ACC87E000DAC49 /* Build configuration list for PBXNativeTarget "CarMarketCars" */;
			buildPhases = (
				2481C53B28ACC87C000DAC49 /* Sources */,
				2481C53C28ACC87C000DAC49 /* Frameworks */,
				2481C53D28ACC87C000DAC49 /* Resources */,
			);
			buildRules = (
			);
			dependencies = (
			);
			name = CarMarketCars;
			packageProductDependencies = (
				24C6305B28ADA151006A1194 /* FirebaseAnalytics */,
				24C6305D28ADA151006A1194 /* FirebaseAuth */,
				24C6305F28ADA151006A1194 /* FirebaseDatabase */,
				24C6306128ADA151006A1194 /* FirebaseDatabaseSwift */,
				24C6306628AFCBEA006A1194 /* FirebaseFirestore */,
				247E4D5228BD1BAE0089D73B /* FirebaseStorage */,
			);
			productName = CarMarketCars;
			productReference = 2481C53F28ACC87C000DAC49 /* CarMarketCars.app */;
			productType = "com.apple.product-type.application";
		};
/* End PBXNativeTarget section */

/* Begin PBXProject section */
		2481C53728ACC87C000DAC49 /* Project object */ = {
			isa = PBXProject;
			attributes = {
				BuildIndependentTargetsInParallel = 1;
				LastSwiftUpdateCheck = 1340;
				LastUpgradeCheck = 1340;
				TargetAttributes = {
					2481C53E28ACC87C000DAC49 = {
						CreatedOnToolsVersion = 13.4.1;
					};
				};
			};
			buildConfigurationList = 2481C53A28ACC87C000DAC49 /* Build configuration list for PBXProject "CarMarketCars" */;
			compatibilityVersion = "Xcode 13.0";
			developmentRegion = en;
			hasScannedForEncodings = 0;
			knownRegions = (
				en,
				Base,
			);
			mainGroup = 2481C53628ACC87C000DAC49;
			packageReferences = (
				24C6305A28ADA151006A1194 /* XCRemoteSwiftPackageReference "firebase-ios-sdk" */,
			);
			productRefGroup = 2481C54028ACC87C000DAC49 /* Products */;
			projectDirPath = "";
			projectRoot = "";
			targets = (
				2481C53E28ACC87C000DAC49 /* CarMarketCars */,
			);
		};
/* End PBXProject section */

/* Begin PBXResourcesBuildPhase section */
		2481C53D28ACC87C000DAC49 /* Resources */ = {
			isa = PBXResourcesBuildPhase;
			buildActionMask = 2147483647;
			files = (
				2481C54F28ACC87E000DAC49 /* LaunchScreen.storyboard in Resources */,
				248998BB28D0EAEB00E3AFDB /* Starting.storyboard in Resources */,
				24C6305928AD9D7A006A1194 /* GoogleService-Info.plist in Resources */,
				248998C328D0EBE500E3AFDB /* CarEdit_Upload_View.storyboard in Resources */,
				2481C54C28ACC87E000DAC49 /* Assets.xcassets in Resources */,
				248998BD28D0EB6200E3AFDB /* MainPage.storyboard in Resources */,
				248998B728D0EA4600E3AFDB /* Login.storyboard in Resources */,
				248998BF28D0EB9B00E3AFDB /* UserDetails.storyboard in Resources */,
				2481C54A28ACC87C000DAC49 /* Main.storyboard in Resources */,
				248998B928D0EA5300E3AFDB /* Register.storyboard in Resources */,
			);
			runOnlyForDeploymentPostprocessing = 0;
		};
/* End PBXResourcesBuildPhase section */

/* Begin PBXSourcesBuildPhase section */
		2481C53B28ACC87C000DAC49 /* Sources */ = {
			isa = PBXSourcesBuildPhase;
			buildActionMask = 2147483647;
			files = (
				244B901E28D5BCC900EB13C8 /* Storyboards_Viewcontrollers_Cells.swift in Sources */,
				2485FD0728D3FA370057CFFF /* FirebaseAuth.swift in Sources */,
				2485FD0D28D3FDC70057CFFF /* FirebaseDatabaseEdit.swift in Sources */,
				24C6306A28AFE202006A1194 /* UserDetailsViewController.swift in Sources */,
				24C6305728AD9722006A1194 /* MainCarsListViewController.swift in Sources */,
				246F667C28B11BE200E7C240 /* MainCarsListViewController + tableView.swift in Sources */,
				2481C54328ACC87C000DAC49 /* AppDelegate.swift in Sources */,
				2485FD0528D246550057CFFF /* UIView+Extansion.swift in Sources */,
				2481C56028AD4414000DAC49 /* StartingTabBarController.swift in Sources */,
				2481C54528ACC87C000DAC49 /* SceneDelegate.swift in Sources */,
				2481C55B28ACC976000DAC49 /* LoginScreenViewController.swift in Sources */,
				24B0B66A28B7CEB400C8ADDA /* UserDetailsViewController + tableView.swift in Sources */,
				2481C55928ACC943000DAC49 /* StartingScreen.swift in Sources */,
				246F667F28B2201700E7C240 /* NewCarUploadViewController.swift in Sources */,
				24B7728E28BB5E8F009305DC /* Car.swift in Sources */,
				2485FD1428D404EA0057CFFF /* Array+Extansion.swift in Sources */,
				2485FD1228D404570057CFFF /* UIImageView+Extansion.swift in Sources */,
				2485FD1628D405590057CFFF /* Protocol+Extansion.swift in Sources */,
				24B0B63928B551FB00C8ADDA /* FirebaseConstants.swift in Sources */,
				2485FD0F28D403840057CFFF /* UIViewController+Extansion.swift in Sources */,
				24F8B8E028D8CDF10074E4D6 /* Constants.swift in Sources */,
				24B7729028BBA236009305DC /* User.swift in Sources */,
				246F667A28B11AF600E7C240 /* CarTableViewCell.swift in Sources */,
				2485FD0928D3FC1B0057CFFF /* FirebaseDatabaseUpload.swift in Sources */,
				24B0B66828B7CE1300C8ADDA /* UserDetailsTableViewCell.swift in Sources */,
				2447CE8E28C64D48008F1032 /* UITextField+Extansion.swift in Sources */,
				2481C55D28ACC9A3000DAC49 /* RegisterScreenViewController.swift in Sources */,
				2485FD0B28D3FCCA0057CFFF /* FirebaseDatabaseDownload.swift in Sources */,
			);
			runOnlyForDeploymentPostprocessing = 0;
		};
/* End PBXSourcesBuildPhase section */

/* Begin PBXVariantGroup section */
		2481C54828ACC87C000DAC49 /* Main.storyboard */ = {
			isa = PBXVariantGroup;
			children = (
				2481C54928ACC87C000DAC49 /* Base */,
			);
			name = Main.storyboard;
			sourceTree = "<group>";
		};
		2481C54D28ACC87E000DAC49 /* LaunchScreen.storyboard */ = {
			isa = PBXVariantGroup;
			children = (
				2481C54E28ACC87E000DAC49 /* Base */,
			);
			name = LaunchScreen.storyboard;
			sourceTree = "<group>";
		};
/* End PBXVariantGroup section */

/* Begin XCBuildConfiguration section */
		2481C55128ACC87E000DAC49 /* Debug */ = {
			isa = XCBuildConfiguration;
			buildSettings = {
				ALWAYS_SEARCH_USER_PATHS = NO;
				CLANG_ANALYZER_NONNULL = YES;
				CLANG_ANALYZER_NUMBER_OBJECT_CONVERSION = YES_AGGRESSIVE;
				CLANG_CXX_LANGUAGE_STANDARD = "gnu++17";
				CLANG_ENABLE_MODULES = YES;
				CLANG_ENABLE_OBJC_ARC = YES;
				CLANG_ENABLE_OBJC_WEAK = YES;
				CLANG_WARN_BLOCK_CAPTURE_AUTORELEASING = YES;
				CLANG_WARN_BOOL_CONVERSION = YES;
				CLANG_WARN_COMMA = YES;
				CLANG_WARN_CONSTANT_CONVERSION = YES;
				CLANG_WARN_DEPRECATED_OBJC_IMPLEMENTATIONS = YES;
				CLANG_WARN_DIRECT_OBJC_ISA_USAGE = YES_ERROR;
				CLANG_WARN_DOCUMENTATION_COMMENTS = YES;
				CLANG_WARN_EMPTY_BODY = YES;
				CLANG_WARN_ENUM_CONVERSION = YES;
				CLANG_WARN_INFINITE_RECURSION = YES;
				CLANG_WARN_INT_CONVERSION = YES;
				CLANG_WARN_NON_LITERAL_NULL_CONVERSION = YES;
				CLANG_WARN_OBJC_IMPLICIT_RETAIN_SELF = YES;
				CLANG_WARN_OBJC_LITERAL_CONVERSION = YES;
				CLANG_WARN_OBJC_ROOT_CLASS = YES_ERROR;
				CLANG_WARN_QUOTED_INCLUDE_IN_FRAMEWORK_HEADER = YES;
				CLANG_WARN_RANGE_LOOP_ANALYSIS = YES;
				CLANG_WARN_STRICT_PROTOTYPES = YES;
				CLANG_WARN_SUSPICIOUS_MOVE = YES;
				CLANG_WARN_UNGUARDED_AVAILABILITY = YES_AGGRESSIVE;
				CLANG_WARN_UNREACHABLE_CODE = YES;
				CLANG_WARN__DUPLICATE_METHOD_MATCH = YES;
				COPY_PHASE_STRIP = NO;
				DEBUG_INFORMATION_FORMAT = dwarf;
				ENABLE_STRICT_OBJC_MSGSEND = YES;
				ENABLE_TESTABILITY = YES;
				GCC_C_LANGUAGE_STANDARD = gnu11;
				GCC_DYNAMIC_NO_PIC = NO;
				GCC_NO_COMMON_BLOCKS = YES;
				GCC_OPTIMIZATION_LEVEL = 0;
				GCC_PREPROCESSOR_DEFINITIONS = (
					"DEBUG=1",
					"$(inherited)",
				);
				GCC_WARN_64_TO_32_BIT_CONVERSION = YES;
				GCC_WARN_ABOUT_RETURN_TYPE = YES_ERROR;
				GCC_WARN_UNDECLARED_SELECTOR = YES;
				GCC_WARN_UNINITIALIZED_AUTOS = YES_AGGRESSIVE;
				GCC_WARN_UNUSED_FUNCTION = YES;
				GCC_WARN_UNUSED_VARIABLE = YES;
				IPHONEOS_DEPLOYMENT_TARGET = 15.5;
				MTL_ENABLE_DEBUG_INFO = INCLUDE_SOURCE;
				MTL_FAST_MATH = YES;
				ONLY_ACTIVE_ARCH = YES;
				SDKROOT = iphoneos;
				SWIFT_ACTIVE_COMPILATION_CONDITIONS = DEBUG;
				SWIFT_OPTIMIZATION_LEVEL = "-Onone";
			};
			name = Debug;
		};
		2481C55228ACC87E000DAC49 /* Release */ = {
			isa = XCBuildConfiguration;
			buildSettings = {
				ALWAYS_SEARCH_USER_PATHS = NO;
				CLANG_ANALYZER_NONNULL = YES;
				CLANG_ANALYZER_NUMBER_OBJECT_CONVERSION = YES_AGGRESSIVE;
				CLANG_CXX_LANGUAGE_STANDARD = "gnu++17";
				CLANG_ENABLE_MODULES = YES;
				CLANG_ENABLE_OBJC_ARC = YES;
				CLANG_ENABLE_OBJC_WEAK = YES;
				CLANG_WARN_BLOCK_CAPTURE_AUTORELEASING = YES;
				CLANG_WARN_BOOL_CONVERSION = YES;
				CLANG_WARN_COMMA = YES;
				CLANG_WARN_CONSTANT_CONVERSION = YES;
				CLANG_WARN_DEPRECATED_OBJC_IMPLEMENTATIONS = YES;
				CLANG_WARN_DIRECT_OBJC_ISA_USAGE = YES_ERROR;
				CLANG_WARN_DOCUMENTATION_COMMENTS = YES;
				CLANG_WARN_EMPTY_BODY = YES;
				CLANG_WARN_ENUM_CONVERSION = YES;
				CLANG_WARN_INFINITE_RECURSION = YES;
				CLANG_WARN_INT_CONVERSION = YES;
				CLANG_WARN_NON_LITERAL_NULL_CONVERSION = YES;
				CLANG_WARN_OBJC_IMPLICIT_RETAIN_SELF = YES;
				CLANG_WARN_OBJC_LITERAL_CONVERSION = YES;
				CLANG_WARN_OBJC_ROOT_CLASS = YES_ERROR;
				CLANG_WARN_QUOTED_INCLUDE_IN_FRAMEWORK_HEADER = YES;
				CLANG_WARN_RANGE_LOOP_ANALYSIS = YES;
				CLANG_WARN_STRICT_PROTOTYPES = YES;
				CLANG_WARN_SUSPICIOUS_MOVE = YES;
				CLANG_WARN_UNGUARDED_AVAILABILITY = YES_AGGRESSIVE;
				CLANG_WARN_UNREACHABLE_CODE = YES;
				CLANG_WARN__DUPLICATE_METHOD_MATCH = YES;
				COPY_PHASE_STRIP = NO;
				DEBUG_INFORMATION_FORMAT = "dwarf-with-dsym";
				ENABLE_NS_ASSERTIONS = NO;
				ENABLE_STRICT_OBJC_MSGSEND = YES;
				GCC_C_LANGUAGE_STANDARD = gnu11;
				GCC_NO_COMMON_BLOCKS = YES;
				GCC_WARN_64_TO_32_BIT_CONVERSION = YES;
				GCC_WARN_ABOUT_RETURN_TYPE = YES_ERROR;
				GCC_WARN_UNDECLARED_SELECTOR = YES;
				GCC_WARN_UNINITIALIZED_AUTOS = YES_AGGRESSIVE;
				GCC_WARN_UNUSED_FUNCTION = YES;
				GCC_WARN_UNUSED_VARIABLE = YES;
				IPHONEOS_DEPLOYMENT_TARGET = 15.5;
				MTL_ENABLE_DEBUG_INFO = NO;
				MTL_FAST_MATH = YES;
				SDKROOT = iphoneos;
				SWIFT_COMPILATION_MODE = wholemodule;
				SWIFT_OPTIMIZATION_LEVEL = "-O";
				VALIDATE_PRODUCT = YES;
			};
			name = Release;
		};
		2481C55428ACC87E000DAC49 /* Debug */ = {
			isa = XCBuildConfiguration;
			buildSettings = {
				ASSETCATALOG_COMPILER_APPICON_NAME = AppIcon;
				ASSETCATALOG_COMPILER_GLOBAL_ACCENT_COLOR_NAME = AccentColor;
				CODE_SIGN_ENTITLEMENTS = CarMarketCars/CarMarketCars.entitlements;
				CODE_SIGN_STYLE = Automatic;
				CURRENT_PROJECT_VERSION = 1;
				DEVELOPMENT_TEAM = SH225JG2GM;
				GENERATE_INFOPLIST_FILE = YES;
				INFOPLIST_FILE = CarMarketCars/Info.plist;
				INFOPLIST_KEY_UIApplicationSupportsIndirectInputEvents = YES;
				INFOPLIST_KEY_UILaunchStoryboardName = LaunchScreen;
				INFOPLIST_KEY_UIMainStoryboardFile = Main;
				INFOPLIST_KEY_UISupportedInterfaceOrientations_iPad = "UIInterfaceOrientationPortrait UIInterfaceOrientationPortraitUpsideDown UIInterfaceOrientationLandscapeLeft UIInterfaceOrientationLandscapeRight";
				INFOPLIST_KEY_UISupportedInterfaceOrientations_iPhone = "UIInterfaceOrientationPortrait UIInterfaceOrientationLandscapeLeft UIInterfaceOrientationLandscapeRight";
				LD_RUNPATH_SEARCH_PATHS = (
					"$(inherited)",
					"@executable_path/Frameworks",
				);
				MARKETING_VERSION = 1.0;
				PRODUCT_BUNDLE_IDENTIFIER = "ge.Mikheil-Muchaidze.CarMarketCars";
				PRODUCT_NAME = "$(TARGET_NAME)";
				SWIFT_EMIT_LOC_STRINGS = YES;
				SWIFT_VERSION = 5.0;
				TARGETED_DEVICE_FAMILY = 1;
			};
			name = Debug;
		};
		2481C55528ACC87E000DAC49 /* Release */ = {
			isa = XCBuildConfiguration;
			buildSettings = {
				ASSETCATALOG_COMPILER_APPICON_NAME = AppIcon;
				ASSETCATALOG_COMPILER_GLOBAL_ACCENT_COLOR_NAME = AccentColor;
				CODE_SIGN_ENTITLEMENTS = CarMarketCars/CarMarketCars.entitlements;
				CODE_SIGN_STYLE = Automatic;
				CURRENT_PROJECT_VERSION = 1;
				DEVELOPMENT_TEAM = SH225JG2GM;
				GENERATE_INFOPLIST_FILE = YES;
				INFOPLIST_FILE = CarMarketCars/Info.plist;
				INFOPLIST_KEY_UIApplicationSupportsIndirectInputEvents = YES;
				INFOPLIST_KEY_UILaunchStoryboardName = LaunchScreen;
				INFOPLIST_KEY_UIMainStoryboardFile = Main;
				INFOPLIST_KEY_UISupportedInterfaceOrientations_iPad = "UIInterfaceOrientationPortrait UIInterfaceOrientationPortraitUpsideDown UIInterfaceOrientationLandscapeLeft UIInterfaceOrientationLandscapeRight";
				INFOPLIST_KEY_UISupportedInterfaceOrientations_iPhone = "UIInterfaceOrientationPortrait UIInterfaceOrientationLandscapeLeft UIInterfaceOrientationLandscapeRight";
				LD_RUNPATH_SEARCH_PATHS = (
					"$(inherited)",
					"@executable_path/Frameworks",
				);
				MARKETING_VERSION = 1.0;
				PRODUCT_BUNDLE_IDENTIFIER = "ge.Mikheil-Muchaidze.CarMarketCars";
				PRODUCT_NAME = "$(TARGET_NAME)";
				SWIFT_EMIT_LOC_STRINGS = YES;
				SWIFT_VERSION = 5.0;
				TARGETED_DEVICE_FAMILY = 1;
			};
			name = Release;
		};
/* End XCBuildConfiguration section */

/* Begin XCConfigurationList section */
		2481C53A28ACC87C000DAC49 /* Build configuration list for PBXProject "CarMarketCars" */ = {
			isa = XCConfigurationList;
			buildConfigurations = (
				2481C55128ACC87E000DAC49 /* Debug */,
				2481C55228ACC87E000DAC49 /* Release */,
			);
			defaultConfigurationIsVisible = 0;
			defaultConfigurationName = Release;
		};
		2481C55328ACC87E000DAC49 /* Build configuration list for PBXNativeTarget "CarMarketCars" */ = {
			isa = XCConfigurationList;
			buildConfigurations = (
				2481C55428ACC87E000DAC49 /* Debug */,
				2481C55528ACC87E000DAC49 /* Release */,
			);
			defaultConfigurationIsVisible = 0;
			defaultConfigurationName = Release;
		};
/* End XCConfigurationList section */

/* Begin XCRemoteSwiftPackageReference section */
		24C6305A28ADA151006A1194 /* XCRemoteSwiftPackageReference "firebase-ios-sdk" */ = {
			isa = XCRemoteSwiftPackageReference;
			repositoryURL = "https://github.com/firebase/firebase-ios-sdk";
			requirement = {
				kind = upToNextMajorVersion;
				minimumVersion = 9.0.0;
			};
		};
/* End XCRemoteSwiftPackageReference section */

/* Begin XCSwiftPackageProductDependency section */
		247E4D5228BD1BAE0089D73B /* FirebaseStorage */ = {
			isa = XCSwiftPackageProductDependency;
			package = 24C6305A28ADA151006A1194 /* XCRemoteSwiftPackageReference "firebase-ios-sdk" */;
			productName = FirebaseStorage;
		};
		24C6305B28ADA151006A1194 /* FirebaseAnalytics */ = {
			isa = XCSwiftPackageProductDependency;
			package = 24C6305A28ADA151006A1194 /* XCRemoteSwiftPackageReference "firebase-ios-sdk" */;
			productName = FirebaseAnalytics;
		};
		24C6305D28ADA151006A1194 /* FirebaseAuth */ = {
			isa = XCSwiftPackageProductDependency;
			package = 24C6305A28ADA151006A1194 /* XCRemoteSwiftPackageReference "firebase-ios-sdk" */;
			productName = FirebaseAuth;
		};
		24C6305F28ADA151006A1194 /* FirebaseDatabase */ = {
			isa = XCSwiftPackageProductDependency;
			package = 24C6305A28ADA151006A1194 /* XCRemoteSwiftPackageReference "firebase-ios-sdk" */;
			productName = FirebaseDatabase;
		};
		24C6306128ADA151006A1194 /* FirebaseDatabaseSwift */ = {
			isa = XCSwiftPackageProductDependency;
			package = 24C6305A28ADA151006A1194 /* XCRemoteSwiftPackageReference "firebase-ios-sdk" */;
			productName = FirebaseDatabaseSwift;
		};
		24C6306628AFCBEA006A1194 /* FirebaseFirestore */ = {
			isa = XCSwiftPackageProductDependency;
			package = 24C6305A28ADA151006A1194 /* XCRemoteSwiftPackageReference "firebase-ios-sdk" */;
			productName = FirebaseFirestore;
		};
/* End XCSwiftPackageProductDependency section */
	};
	rootObject = 2481C53728ACC87C000DAC49 /* Project object */;
}
